<Solution>
	<Folder Name="/src/">
		<Project Path="src/DocsContext.AppHost/DocsContext.AppHost.csproj" />
		<Project Path="src/DocsContext.Core/DocsContext.Core.csproj" />
		<Project Path="src/DocsContext.Ingestion/DocsContext.Ingestion.csproj" />
		<Project Path="src/DocsContext.Mcp/DocsContext.Mcp.csproj" />
		<Project Path="src/DocsContext.Observability/DocsContext.Observability.csproj" />
		<Project Path="src/DocsContext.Storage/DocsContext.Storage.csproj" />
	</Folder>
	<Folder Name="/tests/">
		<Project Path="tests/DocsContext.Tests.Integration/DocsContext.Tests.Integration.csproj" />
		<Project Path="tests/DocsContext.Tests.Unit/DocsContext.Tests.Unit.csproj" />
	</Folder>
</Solution>
