<Solution>
  <Folder Name="/src/">
    <Project Path="src/GroundKit.Abstractions/GroundKit.Abstractions.csproj" />
    <Project Path="src/GroundKit.Core/GroundKit.Core.csproj" />
    <Project Path="src/GroundKit.Hosting/GroundKit.Hosting.csproj" />
    <Project Path="src/GroundKit.ServiceDefaults/GroundKit.ServiceDefaults.csproj" />
    <Project Path="src/GroundKit.Storage.Sqlite/GroundKit.Storage.Sqlite.csproj" />
    <Project Path="src/GroundKit.Cli/GroundKit.Cli.csproj" />
    <Project Path="src/GroundKit.Mcp/GroundKit.Mcp.csproj" />
    <Project Path="src/GroundKit.Registry/GroundKit.Registry.csproj" />
  </Folder>
  <Folder Name="/tests/">
    <Project Path="tests/GroundKit.Core.Tests/GroundKit.Core.Tests.csproj" />
    <Project Path="tests/GroundKit.Storage.Sqlite.Tests/GroundKit.Storage.Sqlite.Tests.csproj" />
    <Project Path="tests/GroundKit.Cli.Tests/GroundKit.Cli.Tests.csproj" />
    <Project Path="tests/GroundKit.Mcp.Tests/GroundKit.Mcp.Tests.csproj" />
    <Project Path="tests/GroundKit.Registry.Tests/GroundKit.Registry.Tests.csproj" />
  </Folder>
</Solution>
